
Microsoft Visual Studio Solution File, Format Version 12.00
# Visual Studio Version 16
VisualStudioVersion = 16.0.31424.327
MinimumVisualStudioVersion = 10.0.40219.1
Project("{FAE04EC0-301F-11D3-BF4B-00C04F79EFBC}") = "DesafioCatalagoFilmes", "DesafioCatalagoFilmes.csproj", "{5BD346EE-3771-4118-8DFD-D4EAE24FF08A}"
EndProject
Global
	GlobalSection(SolutionConfigurationPlatforms) = preSolution
		Debug|Any CPU = Debug|Any CPU
		Release|Any CPU = Release|Any CPU
	EndGlobalSection
	GlobalSection(ProjectConfigurationPlatforms) = postSolution
		{5BD346EE-3771-4118-8DFD-D4EAE24FF08A}.Debug|Any CPU.ActiveCfg = Debug|Any CPU
		{5BD346EE-3771-4118-8DFD-D4EAE24FF08A}.Debug|Any CPU.Build.0 = Debug|Any CPU
		{5BD346EE-3771-4118-8DFD-D4EAE24FF08A}.Release|Any CPU.ActiveCfg = Release|Any CPU
		{5BD346EE-3771-4118-8DFD-D4EAE24FF08A}.Release|Any CPU.Build.0 = Release|Any CPU
	EndGlobalSection
	GlobalSection(SolutionProperties) = preSolution
		HideSolutionNode = FALSE
	EndGlobalSection
	GlobalSection(ExtensibilityGlobals) = postSolution
		SolutionGuid = {4ADCDAAD-6E31-44C8-B2A0-A30EFF0AE0C6}
	EndGlobalSection
EndGlobal
